
Microsoft Visual Studio Solution File, Format Version 12.00
# Visual Studio Version 17
VisualStudioVersion = 17.6.33723.286
MinimumVisualStudioVersion = 10.0.40219.1
Project("{FAE04EC0-301F-11D3-BF4B-00C04F79EFBC}") = "WriteDataToArduino", "WriteDataToArduino\WriteDataToArduino.csproj", "{B4C9F295-0FF1-4D8C-99CB-9844B55B7263}"
EndProject
Project("{54435603-DBB4-11D2-8724-00A0C9A8B90C}") = "Sorting product", "Sorting product\Sorting product.vdproj", "{20EF6F26-CD09-4978-A4E8-A4478298CA40}"
EndProject
Global
	GlobalSection(SolutionConfigurationPlatforms) = preSolution
		Debug|Any CPU = Debug|Any CPU
		Release|Any CPU = Release|Any CPU
	EndGlobalSection
	GlobalSection(ProjectConfigurationPlatforms) = postSolution
		{B4C9F295-0FF1-4D8C-99CB-9844B55B7263}.Debug|Any CPU.ActiveCfg = Debug|Any CPU
		{B4C9F295-0FF1-4D8C-99CB-9844B55B7263}.Debug|Any CPU.Build.0 = Debug|Any CPU
		{B4C9F295-0FF1-4D8C-99CB-9844B55B7263}.Release|Any CPU.ActiveCfg = Release|Any CPU
		{B4C9F295-0FF1-4D8C-99CB-9844B55B7263}.Release|Any CPU.Build.0 = Release|Any CPU
		{20EF6F26-CD09-4978-A4E8-A4478298CA40}.Debug|Any CPU.ActiveCfg = Debug
		{20EF6F26-CD09-4978-A4E8-A4478298CA40}.Release|Any CPU.ActiveCfg = Release
	EndGlobalSection
	GlobalSection(SolutionProperties) = preSolution
		HideSolutionNode = FALSE
	EndGlobalSection
	GlobalSection(ExtensibilityGlobals) = postSolution
		SolutionGuid = {75D92A2F-B45C-4420-BE26-C4877F12B7EE}
	EndGlobalSection
EndGlobal
